
Microsoft Visual Studio Solution File, Format Version 12.00
# Visual Studio Version 17
VisualStudioVersion = 17.9.34728.123
MinimumVisualStudioVersion = 10.0.40219.1
Project("{FAE04EC0-301F-11D3-BF4B-00C04F79EFBC}") = "ATMManagementSystem", "ATMManagementSystem\ATMManagementSystem.csproj", "{4FE9F4D6-D4C2-4646-9D5D-D67F841AE185}"
EndProject
Project("{FAE04EC0-301F-11D3-BF4B-00C04F79EFBC}") = "BAL", "BAL\BAL.csproj", "{B0FE04B7-86A2-46BE-8B2E-F5634689D560}"
EndProject
Project("{FAE04EC0-301F-11D3-BF4B-00C04F79EFBC}") = "Model", "Model\Model.csproj", "{11776DCF-FFE7-41E0-90B5-0BF42DF9EFD7}"
EndProject
Project("{FAE04EC0-301F-11D3-BF4B-00C04F79EFBC}") = "Repo", "Repo\Repo.csproj", "{FFE64CD9-337C-4FD3-B112-C28984B4E815}"
EndProject
Global
	GlobalSection(SolutionConfigurationPlatforms) = preSolution
		Debug|Any CPU = Debug|Any CPU
		Release|Any CPU = Release|Any CPU
	EndGlobalSection
	GlobalSection(ProjectConfigurationPlatforms) = postSolution
		{4FE9F4D6-D4C2-4646-9D5D-D67F841AE185}.Debug|Any CPU.ActiveCfg = Debug|Any CPU
		{4FE9F4D6-D4C2-4646-9D5D-D67F841AE185}.Debug|Any CPU.Build.0 = Debug|Any CPU
		{4FE9F4D6-D4C2-4646-9D5D-D67F841AE185}.Release|Any CPU.ActiveCfg = Release|Any CPU
		{4FE9F4D6-D4C2-4646-9D5D-D67F841AE185}.Release|Any CPU.Build.0 = Release|Any CPU
		{B0FE04B7-86A2-46BE-8B2E-F5634689D560}.Debug|Any CPU.ActiveCfg = Debug|Any CPU
		{B0FE04B7-86A2-46BE-8B2E-F5634689D560}.Debug|Any CPU.Build.0 = Debug|Any CPU
		{B0FE04B7-86A2-46BE-8B2E-F5634689D560}.Release|Any CPU.ActiveCfg = Release|Any CPU
		{B0FE04B7-86A2-46BE-8B2E-F5634689D560}.Release|Any CPU.Build.0 = Release|Any CPU
		{11776DCF-FFE7-41E0-90B5-0BF42DF9EFD7}.Debug|Any CPU.ActiveCfg = Debug|Any CPU
		{11776DCF-FFE7-41E0-90B5-0BF42DF9EFD7}.Debug|Any CPU.Build.0 = Debug|Any CPU
		{11776DCF-FFE7-41E0-90B5-0BF42DF9EFD7}.Release|Any CPU.ActiveCfg = Release|Any CPU
		{11776DCF-FFE7-41E0-90B5-0BF42DF9EFD7}.Release|Any CPU.Build.0 = Release|Any CPU
		{FFE64CD9-337C-4FD3-B112-C28984B4E815}.Debug|Any CPU.ActiveCfg = Debug|Any CPU
		{FFE64CD9-337C-4FD3-B112-C28984B4E815}.Debug|Any CPU.Build.0 = Debug|Any CPU
		{FFE64CD9-337C-4FD3-B112-C28984B4E815}.Release|Any CPU.ActiveCfg = Release|Any CPU
		{FFE64CD9-337C-4FD3-B112-C28984B4E815}.Release|Any CPU.Build.0 = Release|Any CPU
	EndGlobalSection
	GlobalSection(SolutionProperties) = preSolution
		HideSolutionNode = FALSE
	EndGlobalSection
	GlobalSection(ExtensibilityGlobals) = postSolution
		SolutionGuid = {A02272E6-8487-4FA4-8DBB-C157CFCD2496}
	EndGlobalSection
EndGlobal
